
Microsoft Visual Studio Solution File, Format Version 12.00
# Visual Studio Version 17
VisualStudioVersion = 17.3.32901.215
MinimumVisualStudioVersion = 10.0.40219.1
Project("{FAE04EC0-301F-11D3-BF4B-00C04F79EFBC}") = "sorting_algorithms", "sorting_algorithms\sorting_algorithms.csproj", "{DDFC328C-DA73-41DE-B001-63DDBB140E6B}"
EndProject
Global
	GlobalSection(SolutionConfigurationPlatforms) = preSolution
		Debug|Any CPU = Debug|Any CPU
		Release|Any CPU = Release|Any CPU
	EndGlobalSection
	GlobalSection(ProjectConfigurationPlatforms) = postSolution
		{DDFC328C-DA73-41DE-B001-63DDBB140E6B}.Debug|Any CPU.ActiveCfg = Debug|Any CPU
		{DDFC328C-DA73-41DE-B001-63DDBB140E6B}.Debug|Any CPU.Build.0 = Debug|Any CPU
		{DDFC328C-DA73-41DE-B001-63DDBB140E6B}.Release|Any CPU.ActiveCfg = Release|Any CPU
		{DDFC328C-DA73-41DE-B001-63DDBB140E6B}.Release|Any CPU.Build.0 = Release|Any CPU
	EndGlobalSection
	GlobalSection(SolutionProperties) = preSolution
		HideSolutionNode = FALSE
	EndGlobalSection
	GlobalSection(ExtensibilityGlobals) = postSolution
		SolutionGuid = {644DB8A9-4B3D-4D96-845C-7051B6BC1E4C}
	EndGlobalSection
EndGlobal
